
Microsoft Visual Studio Solution File, Format Version 12.00
# Visual Studio 15
VisualStudioVersion = 15.0.28307.421
MinimumVisualStudioVersion = 10.0.40219.1
Project("{9A19103F-16F7-4668-BE54-9A1E7A4F7556}") = "eindwerk", "eindwerk\eindwerk.csproj", "{FDAE7909-8138-47EF-A9E8-63C552E28090}"
EndProject
Project("{00D1A9C2-B5F0-4AF3-8072-F6C62B433612}") = "DatabaseEindWerk", "DatabaseEindWerk.sqlproj", "{3C745AEE-FBF3-4C9D-BDBC-8CC7F0D069AF}"
EndProject
Global
	GlobalSection(SolutionConfigurationPlatforms) = preSolution
		Debug|Any CPU = Debug|Any CPU
		Release|Any CPU = Release|Any CPU
	EndGlobalSection
	GlobalSection(ProjectConfigurationPlatforms) = postSolution
		{FDAE7909-8138-47EF-A9E8-63C552E28090}.Debug|Any CPU.ActiveCfg = Debug|Any CPU
		{FDAE7909-8138-47EF-A9E8-63C552E28090}.Debug|Any CPU.Build.0 = Debug|Any CPU
		{FDAE7909-8138-47EF-A9E8-63C552E28090}.Release|Any CPU.ActiveCfg = Release|Any CPU
		{FDAE7909-8138-47EF-A9E8-63C552E28090}.Release|Any CPU.Build.0 = Release|Any CPU
		{3C745AEE-FBF3-4C9D-BDBC-8CC7F0D069AF}.Debug|Any CPU.ActiveCfg = Debug|Any CPU
		{3C745AEE-FBF3-4C9D-BDBC-8CC7F0D069AF}.Debug|Any CPU.Build.0 = Debug|Any CPU
		{3C745AEE-FBF3-4C9D-BDBC-8CC7F0D069AF}.Debug|Any CPU.Deploy.0 = Debug|Any CPU
		{3C745AEE-FBF3-4C9D-BDBC-8CC7F0D069AF}.Release|Any CPU.ActiveCfg = Release|Any CPU
		{3C745AEE-FBF3-4C9D-BDBC-8CC7F0D069AF}.Release|Any CPU.Build.0 = Release|Any CPU
		{3C745AEE-FBF3-4C9D-BDBC-8CC7F0D069AF}.Release|Any CPU.Deploy.0 = Release|Any CPU
	EndGlobalSection
	GlobalSection(SolutionProperties) = preSolution
		HideSolutionNode = FALSE
	EndGlobalSection
	GlobalSection(ExtensibilityGlobals) = postSolution
		SolutionGuid = {CE59548D-9728-4491-ABDC-A5D93D3A6CED}
	EndGlobalSection
EndGlobal
